
Microsoft Visual Studio Solution File, Format Version 12.00
# Visual Studio 2013
VisualStudioVersion = 12.0.30110.0
MinimumVisualStudioVersion = 10.0.40219.1
Project("{2150E333-8FDC-42A3-9474-1A3956D46DE8}") = "sample", "sample", "{3DEF3C67-9A8C-407A-AF58-C0449E13F677}"
EndProject
Project("{2150E333-8FDC-42A3-9474-1A3956D46DE8}") = ".nuget", ".nuget", "{C867AEED-9D64-49B4-A126-5EB90B1C0464}"
	ProjectSection(SolutionItems) = preProject
		.nuget\NuGet.Config = .nuget\NuGet.Config
		.nuget\NuGet.exe = .nuget\NuGet.exe
		.nuget\NuGet.targets = .nuget\NuGet.targets
	EndProjectSection
EndProject
Project("{FAE04EC0-301F-11D3-BF4B-00C04F79EFBC}") = "TodoItem.Win8", "TodoItem.Win8\TodoItem.Win8.csproj", "{682112A5-CCEA-44A6-8D47-E4BB0B41EAFD}"
EndProject
Project("{FAE04EC0-301F-11D3-BF4B-00C04F79EFBC}") = "TodoItem.WP8", "TodoItem.WP8\TodoItem.WP8.csproj", "{3002E0CA-D005-4D93-BCA4-E23E83DDD847}"
EndProject
Project("{FAE04EC0-301F-11D3-BF4B-00C04F79EFBC}") = "TodoItem.Core", "TodoItem.Core\TodoItem.Core.csproj", "{64694970-D797-4334-A2E5-EAAFAFD6274C}"
EndProject
Project("{2150E333-8FDC-42A3-9474-1A3956D46DE8}") = "src", "src", "{EE1DFC29-06B6-4F91-B614-A9C52C0A9DFF}"
EndProject
Project("{FAE04EC0-301F-11D3-BF4B-00C04F79EFBC}") = "Microsoft.WindowsAzure.Mobile.Caching.Win8", "Microsoft.WindowsAzure.Mobile.Caching.Win8\Microsoft.WindowsAzure.Mobile.Caching.Win8.csproj", "{71B505A0-05E9-459C-8A82-51A12999A28F}"
EndProject
Project("{FAE04EC0-301F-11D3-BF4B-00C04F79EFBC}") = "Microsoft.WindowsAzure.Mobile.Caching.WP8", "Microsoft.WIndowsAzure.Mobile.Caching.WP8\Microsoft.WindowsAzure.Mobile.Caching.WP8.csproj", "{71C383F2-91A5-4EC6-8788-AD3B5324F144}"
EndProject
Project("{FAE04EC0-301F-11D3-BF4B-00C04F79EFBC}") = "Microsoft.WindowsAzure.Mobile.Caching.Test", "Microsoft.WindowsAzure.Mobile.Caching.Test\Microsoft.WindowsAzure.Mobile.Caching.Test.csproj", "{27196731-D463-4ECC-B0CE-570C3D5385B5}"
EndProject
Project("{FAE04EC0-301F-11D3-BF4B-00C04F79EFBC}") = "Microsoft.WindowsAzure.Mobile.Caching", "Microsoft.WindowsAzure.Mobile.Caching\Microsoft.WindowsAzure.Mobile.Caching.csproj", "{77105497-068B-4A01-B9D2-ABD33F2D2B79}"
EndProject
Project("{2150E333-8FDC-42A3-9474-1A3956D46DE8}") = "test", "test", "{845585A9-B19C-4BB7-B0D5-5462DBFD07B8}"
EndProject
Project("{2150E333-8FDC-42A3-9474-1A3956D46DE8}") = "sql", "sql", "{B594EEB2-A4BF-4C9C-81F3-0A09E6B8DD71}"
	ProjectSection(SolutionItems) = preProject
		altertable.sql = altertable.sql
	EndProjectSection
EndProject
Project("{2150E333-8FDC-42A3-9474-1A3956D46DE8}") = "scripts", "scripts", "{17984F1B-4BB0-4B34-9062-AD8E961BBB50}"
	ProjectSection(SolutionItems) = preProject
		scripts\delete.js = scripts\delete.js
		scripts\insert.js = scripts\insert.js
		scripts\mobileservices.intellisense.js = scripts\mobileservices.intellisense.js
		scripts\read.js = scripts\read.js
		scripts\update.js = scripts\update.js
	EndProjectSection
EndProject
Project("{FAE04EC0-301F-11D3-BF4B-00C04F79EFBC}") = "TodoItem.Win81", "TodoItem.Win81\TodoItem.Win81.csproj", "{E5EBD13C-F325-4FFF-AA06-F6B05A4C0D22}"
EndProject
Project("{FAE04EC0-301F-11D3-BF4B-00C04F79EFBC}") = "Microsoft.WindowsAzure.Mobile.Caching.Win81", "Microsoft.WindowsAzure.Mobile.Caching.Win81\Microsoft.WindowsAzure.Mobile.Caching.Win81.csproj", "{7136DC10-6B10-4CCA-86C6-BAA8A5011047}"
EndProject
Project("{2150E333-8FDC-42A3-9474-1A3956D46DE8}") = "content", "content", "{47DA737C-6760-4028-A8DB-63FE1B9F2B2C}"
EndProject
Project("{8BC9CEB8-8B4A-11D0-8D11-00A0C91BC942}") = "SQLiteWinRT", "sqlwinrt_49f8079f900d\SQLiteWinRT\SQLiteWinRT.vcxproj", "{A3F709AF-9A59-4F2A-B220-0074B098CCB5}"
EndProject
Project("{8BC9CEB8-8B4A-11D0-8D11-00A0C91BC942}") = "SQLiteWinRT", "sqlwinrt_49f8079f900d\SQLiteWinRT81\SQLiteWinRT81.vcxproj", "{55FE79F7-4AFD-458C-8E9D-9F5BBC19E27F}"
EndProject
Project("{8BC9CEB8-8B4A-11D0-8D11-00A0C91BC942}") = "SQLiteWinRTPhone", "sqlwinrt_49f8079f900d\SQLiteWinRTPhone\SQLiteWinRTPhone.vcxproj", "{4AE0193F-5986-404E-87B6-1EC9301D16D8}"
EndProject
Project("{FAE04EC0-301F-11D3-BF4B-00C04F79EFBC}") = "IntegrationApp", "test\IntegrationApp\IntegrationApp.csproj", "{A849540E-666C-483D-9598-AF5DA85FFE45}"
EndProject
Project("{FAE04EC0-301F-11D3-BF4B-00C04F79EFBC}") = "Microsoft.WindowsAzure.Mobile.Caching.Net45", "src\Microsoft.WindowsAzure.Mobile.Cahing.Net45\Microsoft.WindowsAzure.Mobile.Caching.Net45.csproj", "{7E834E2D-C027-4D78-80C7-DB59F0493CD2}"
EndProject
Global
	GlobalSection(SolutionConfigurationPlatforms) = preSolution
		Debug|Any CPU = Debug|Any CPU
		Debug|ARM = Debug|ARM
		Debug|Mixed Platforms = Debug|Mixed Platforms
		Debug|Win32 = Debug|Win32
		Debug|x64 = Debug|x64
		Debug|x86 = Debug|x86
		Release|Any CPU = Release|Any CPU
		Release|ARM = Release|ARM
		Release|Mixed Platforms = Release|Mixed Platforms
		Release|Win32 = Release|Win32
		Release|x64 = Release|x64
		Release|x86 = Release|x86
	EndGlobalSection
	GlobalSection(ProjectConfigurationPlatforms) = postSolution
		{682112A5-CCEA-44A6-8D47-E4BB0B41EAFD}.Debug|Any CPU.ActiveCfg = Debug|x86
		{682112A5-CCEA-44A6-8D47-E4BB0B41EAFD}.Debug|Any CPU.Build.0 = Debug|x86
		{682112A5-CCEA-44A6-8D47-E4BB0B41EAFD}.Debug|Any CPU.Deploy.0 = Debug|x86
		{682112A5-CCEA-44A6-8D47-E4BB0B41EAFD}.Debug|ARM.ActiveCfg = Debug|ARM
		{682112A5-CCEA-44A6-8D47-E4BB0B41EAFD}.Debug|ARM.Build.0 = Debug|ARM
		{682112A5-CCEA-44A6-8D47-E4BB0B41EAFD}.Debug|ARM.Deploy.0 = Debug|ARM
		{682112A5-CCEA-44A6-8D47-E4BB0B41EAFD}.Debug|Mixed Platforms.ActiveCfg = Debug|x86
		{682112A5-CCEA-44A6-8D47-E4BB0B41EAFD}.Debug|Mixed Platforms.Build.0 = Debug|x86
		{682112A5-CCEA-44A6-8D47-E4BB0B41EAFD}.Debug|Mixed Platforms.Deploy.0 = Debug|x86
		{682112A5-CCEA-44A6-8D47-E4BB0B41EAFD}.Debug|Win32.ActiveCfg = Debug|x86
		{682112A5-CCEA-44A6-8D47-E4BB0B41EAFD}.Debug|Win32.Build.0 = Debug|x86
		{682112A5-CCEA-44A6-8D47-E4BB0B41EAFD}.Debug|Win32.Deploy.0 = Debug|x86
		{682112A5-CCEA-44A6-8D47-E4BB0B41EAFD}.Debug|x64.ActiveCfg = Debug|x64
		{682112A5-CCEA-44A6-8D47-E4BB0B41EAFD}.Debug|x64.Build.0 = Debug|x64
		{682112A5-CCEA-44A6-8D47-E4BB0B41EAFD}.Debug|x64.Deploy.0 = Debug|x64
		{682112A5-CCEA-44A6-8D47-E4BB0B41EAFD}.Debug|x86.ActiveCfg = Debug|x86
		{682112A5-CCEA-44A6-8D47-E4BB0B41EAFD}.Debug|x86.Build.0 = Debug|x86
		{682112A5-CCEA-44A6-8D47-E4BB0B41EAFD}.Debug|x86.Deploy.0 = Debug|x86
		{682112A5-CCEA-44A6-8D47-E4BB0B41EAFD}.Release|Any CPU.ActiveCfg = Release|x86
		{682112A5-CCEA-44A6-8D47-E4BB0B41EAFD}.Release|Any CPU.Build.0 = Release|x86
		{682112A5-CCEA-44A6-8D47-E4BB0B41EAFD}.Release|Any CPU.Deploy.0 = Release|x86
		{682112A5-CCEA-44A6-8D47-E4BB0B41EAFD}.Release|ARM.ActiveCfg = Release|ARM
		{682112A5-CCEA-44A6-8D47-E4BB0B41EAFD}.Release|ARM.Build.0 = Release|ARM
		{682112A5-CCEA-44A6-8D47-E4BB0B41EAFD}.Release|ARM.Deploy.0 = Release|ARM
		{682112A5-CCEA-44A6-8D47-E4BB0B41EAFD}.Release|Mixed Platforms.ActiveCfg = Release|x86
		{682112A5-CCEA-44A6-8D47-E4BB0B41EAFD}.Release|Mixed Platforms.Build.0 = Release|x86
		{682112A5-CCEA-44A6-8D47-E4BB0B41EAFD}.Release|Mixed Platforms.Deploy.0 = Release|x86
		{682112A5-CCEA-44A6-8D47-E4BB0B41EAFD}.Release|Win32.ActiveCfg = Release|x86
		{682112A5-CCEA-44A6-8D47-E4BB0B41EAFD}.Release|Win32.Build.0 = Release|x86
		{682112A5-CCEA-44A6-8D47-E4BB0B41EAFD}.Release|Win32.Deploy.0 = Release|x86
		{682112A5-CCEA-44A6-8D47-E4BB0B41EAFD}.Release|x64.ActiveCfg = Release|x64
		{682112A5-CCEA-44A6-8D47-E4BB0B41EAFD}.Release|x64.Build.0 = Release|x64
		{682112A5-CCEA-44A6-8D47-E4BB0B41EAFD}.Release|x64.Deploy.0 = Release|x64
		{682112A5-CCEA-44A6-8D47-E4BB0B41EAFD}.Release|x86.ActiveCfg = Release|x86
		{682112A5-CCEA-44A6-8D47-E4BB0B41EAFD}.Release|x86.Build.0 = Release|x86
		{682112A5-CCEA-44A6-8D47-E4BB0B41EAFD}.Release|x86.Deploy.0 = Release|x86
		{3002E0CA-D005-4D93-BCA4-E23E83DDD847}.Debug|Any CPU.ActiveCfg = Debug|x86
		{3002E0CA-D005-4D93-BCA4-E23E83DDD847}.Debug|Any CPU.Build.0 = Debug|x86
		{3002E0CA-D005-4D93-BCA4-E23E83DDD847}.Debug|Any CPU.Deploy.0 = Debug|x86
		{3002E0CA-D005-4D93-BCA4-E23E83DDD847}.Debug|ARM.ActiveCfg = Debug|ARM
		{3002E0CA-D005-4D93-BCA4-E23E83DDD847}.Debug|ARM.Build.0 = Debug|ARM
		{3002E0CA-D005-4D93-BCA4-E23E83DDD847}.Debug|ARM.Deploy.0 = Debug|ARM
		{3002E0CA-D005-4D93-BCA4-E23E83DDD847}.Debug|Mixed Platforms.ActiveCfg = Debug|x86
		{3002E0CA-D005-4D93-BCA4-E23E83DDD847}.Debug|Mixed Platforms.Build.0 = Debug|x86
		{3002E0CA-D005-4D93-BCA4-E23E83DDD847}.Debug|Mixed Platforms.Deploy.0 = Debug|x86
		{3002E0CA-D005-4D93-BCA4-E23E83DDD847}.Debug|Win32.ActiveCfg = Debug|x86
		{3002E0CA-D005-4D93-BCA4-E23E83DDD847}.Debug|Win32.Build.0 = Debug|x86
		{3002E0CA-D005-4D93-BCA4-E23E83DDD847}.Debug|Win32.Deploy.0 = Debug|x86
		{3002E0CA-D005-4D93-BCA4-E23E83DDD847}.Debug|x64.ActiveCfg = Debug|Any CPU
		{3002E0CA-D005-4D93-BCA4-E23E83DDD847}.Debug|x86.ActiveCfg = Debug|x86
		{3002E0CA-D005-4D93-BCA4-E23E83DDD847}.Debug|x86.Build.0 = Debug|x86
		{3002E0CA-D005-4D93-BCA4-E23E83DDD847}.Debug|x86.Deploy.0 = Debug|x86
		{3002E0CA-D005-4D93-BCA4-E23E83DDD847}.Release|Any CPU.ActiveCfg = Release|x86
		{3002E0CA-D005-4D93-BCA4-E23E83DDD847}.Release|Any CPU.Build.0 = Release|x86
		{3002E0CA-D005-4D93-BCA4-E23E83DDD847}.Release|Any CPU.Deploy.0 = Release|x86
		{3002E0CA-D005-4D93-BCA4-E23E83DDD847}.Release|ARM.ActiveCfg = Release|ARM
		{3002E0CA-D005-4D93-BCA4-E23E83DDD847}.Release|ARM.Build.0 = Release|ARM
		{3002E0CA-D005-4D93-BCA4-E23E83DDD847}.Release|ARM.Deploy.0 = Release|ARM
		{3002E0CA-D005-4D93-BCA4-E23E83DDD847}.Release|Mixed Platforms.ActiveCfg = Release|x86
		{3002E0CA-D005-4D93-BCA4-E23E83DDD847}.Release|Mixed Platforms.Build.0 = Release|x86
		{3002E0CA-D005-4D93-BCA4-E23E83DDD847}.Release|Mixed Platforms.Deploy.0 = Release|x86
		{3002E0CA-D005-4D93-BCA4-E23E83DDD847}.Release|Win32.ActiveCfg = Release|x86
		{3002E0CA-D005-4D93-BCA4-E23E83DDD847}.Release|Win32.Build.0 = Release|x86
		{3002E0CA-D005-4D93-BCA4-E23E83DDD847}.Release|Win32.Deploy.0 = Release|x86
		{3002E0CA-D005-4D93-BCA4-E23E83DDD847}.Release|x64.ActiveCfg = Release|Any CPU
		{3002E0CA-D005-4D93-BCA4-E23E83DDD847}.Release|x86.ActiveCfg = Release|x86
		{3002E0CA-D005-4D93-BCA4-E23E83DDD847}.Release|x86.Build.0 = Release|x86
		{3002E0CA-D005-4D93-BCA4-E23E83DDD847}.Release|x86.Deploy.0 = Release|x86
		{64694970-D797-4334-A2E5-EAAFAFD6274C}.Debug|Any CPU.ActiveCfg = Debug|Any CPU
		{64694970-D797-4334-A2E5-EAAFAFD6274C}.Debug|Any CPU.Build.0 = Debug|Any CPU
		{64694970-D797-4334-A2E5-EAAFAFD6274C}.Debug|ARM.ActiveCfg = Debug|Any CPU
		{64694970-D797-4334-A2E5-EAAFAFD6274C}.Debug|Mixed Platforms.ActiveCfg = Debug|Any CPU
		{64694970-D797-4334-A2E5-EAAFAFD6274C}.Debug|Mixed Platforms.Build.0 = Debug|Any CPU
		{64694970-D797-4334-A2E5-EAAFAFD6274C}.Debug|Win32.ActiveCfg = Debug|Any CPU
		{64694970-D797-4334-A2E5-EAAFAFD6274C}.Debug|x64.ActiveCfg = Debug|Any CPU
		{64694970-D797-4334-A2E5-EAAFAFD6274C}.Debug|x86.ActiveCfg = Debug|Any CPU
		{64694970-D797-4334-A2E5-EAAFAFD6274C}.Release|Any CPU.ActiveCfg = Release|Any CPU
		{64694970-D797-4334-A2E5-EAAFAFD6274C}.Release|Any CPU.Build.0 = Release|Any CPU
		{64694970-D797-4334-A2E5-EAAFAFD6274C}.Release|ARM.ActiveCfg = Release|Any CPU
		{64694970-D797-4334-A2E5-EAAFAFD6274C}.Release|Mixed Platforms.ActiveCfg = Release|Any CPU
		{64694970-D797-4334-A2E5-EAAFAFD6274C}.Release|Mixed Platforms.Build.0 = Release|Any CPU
		{64694970-D797-4334-A2E5-EAAFAFD6274C}.Release|Win32.ActiveCfg = Release|Any CPU
		{64694970-D797-4334-A2E5-EAAFAFD6274C}.Release|x64.ActiveCfg = Release|Any CPU
		{64694970-D797-4334-A2E5-EAAFAFD6274C}.Release|x86.ActiveCfg = Release|Any CPU
		{71B505A0-05E9-459C-8A82-51A12999A28F}.Debug|Any CPU.ActiveCfg = Debug|x86
		{71B505A0-05E9-459C-8A82-51A12999A28F}.Debug|Any CPU.Build.0 = Debug|x86
		{71B505A0-05E9-459C-8A82-51A12999A28F}.Debug|ARM.ActiveCfg = Debug|ARM
		{71B505A0-05E9-459C-8A82-51A12999A28F}.Debug|ARM.Build.0 = Debug|ARM
		{71B505A0-05E9-459C-8A82-51A12999A28F}.Debug|Mixed Platforms.ActiveCfg = Debug|x86
		{71B505A0-05E9-459C-8A82-51A12999A28F}.Debug|Mixed Platforms.Build.0 = Debug|x86
		{71B505A0-05E9-459C-8A82-51A12999A28F}.Debug|Win32.ActiveCfg = Debug|x86
		{71B505A0-05E9-459C-8A82-51A12999A28F}.Debug|Win32.Build.0 = Debug|x86
		{71B505A0-05E9-459C-8A82-51A12999A28F}.Debug|x64.ActiveCfg = Debug|x64
		{71B505A0-05E9-459C-8A82-51A12999A28F}.Debug|x64.Build.0 = Debug|x64
		{71B505A0-05E9-459C-8A82-51A12999A28F}.Debug|x86.ActiveCfg = Debug|x86
		{71B505A0-05E9-459C-8A82-51A12999A28F}.Debug|x86.Build.0 = Debug|x86
		{71B505A0-05E9-459C-8A82-51A12999A28F}.Release|Any CPU.ActiveCfg = Release|x86
		{71B505A0-05E9-459C-8A82-51A12999A28F}.Release|Any CPU.Build.0 = Release|x86
		{71B505A0-05E9-459C-8A82-51A12999A28F}.Release|ARM.ActiveCfg = Release|ARM
		{71B505A0-05E9-459C-8A82-51A12999A28F}.Release|ARM.Build.0 = Release|ARM
		{71B505A0-05E9-459C-8A82-51A12999A28F}.Release|Mixed Platforms.ActiveCfg = Release|x86
		{71B505A0-05E9-459C-8A82-51A12999A28F}.Release|Mixed Platforms.Build.0 = Release|x86
		{71B505A0-05E9-459C-8A82-51A12999A28F}.Release|Win32.ActiveCfg = Release|x86
		{71B505A0-05E9-459C-8A82-51A12999A28F}.Release|Win32.Build.0 = Release|x86
		{71B505A0-05E9-459C-8A82-51A12999A28F}.Release|x64.ActiveCfg = Release|x64
		{71B505A0-05E9-459C-8A82-51A12999A28F}.Release|x64.Build.0 = Release|x64
		{71B505A0-05E9-459C-8A82-51A12999A28F}.Release|x86.ActiveCfg = Release|x86
		{71B505A0-05E9-459C-8A82-51A12999A28F}.Release|x86.Build.0 = Release|x86
		{71C383F2-91A5-4EC6-8788-AD3B5324F144}.Debug|Any CPU.ActiveCfg = Debug|x86
		{71C383F2-91A5-4EC6-8788-AD3B5324F144}.Debug|Any CPU.Build.0 = Debug|x86
		{71C383F2-91A5-4EC6-8788-AD3B5324F144}.Debug|ARM.ActiveCfg = Debug|ARM
		{71C383F2-91A5-4EC6-8788-AD3B5324F144}.Debug|ARM.Build.0 = Debug|ARM
		{71C383F2-91A5-4EC6-8788-AD3B5324F144}.Debug|Mixed Platforms.ActiveCfg = Debug|x86
		{71C383F2-91A5-4EC6-8788-AD3B5324F144}.Debug|Mixed Platforms.Build.0 = Debug|x86
		{71C383F2-91A5-4EC6-8788-AD3B5324F144}.Debug|Win32.ActiveCfg = Debug|x86
		{71C383F2-91A5-4EC6-8788-AD3B5324F144}.Debug|Win32.Build.0 = Debug|x86
		{71C383F2-91A5-4EC6-8788-AD3B5324F144}.Debug|x64.ActiveCfg = Debug|Any CPU
		{71C383F2-91A5-4EC6-8788-AD3B5324F144}.Debug|x86.ActiveCfg = Debug|x86
		{71C383F2-91A5-4EC6-8788-AD3B5324F144}.Debug|x86.Build.0 = Debug|x86
		{71C383F2-91A5-4EC6-8788-AD3B5324F144}.Release|Any CPU.ActiveCfg = Release|x86
		{71C383F2-91A5-4EC6-8788-AD3B5324F144}.Release|Any CPU.Build.0 = Release|x86
		{71C383F2-91A5-4EC6-8788-AD3B5324F144}.Release|ARM.ActiveCfg = Release|ARM
		{71C383F2-91A5-4EC6-8788-AD3B5324F144}.Release|ARM.Build.0 = Release|ARM
		{71C383F2-91A5-4EC6-8788-AD3B5324F144}.Release|Mixed Platforms.ActiveCfg = Release|x86
		{71C383F2-91A5-4EC6-8788-AD3B5324F144}.Release|Mixed Platforms.Build.0 = Release|x86
		{71C383F2-91A5-4EC6-8788-AD3B5324F144}.Release|Win32.ActiveCfg = Release|x86
		{71C383F2-91A5-4EC6-8788-AD3B5324F144}.Release|Win32.Build.0 = Release|x86
		{71C383F2-91A5-4EC6-8788-AD3B5324F144}.Release|x64.ActiveCfg = Release|Any CPU
		{71C383F2-91A5-4EC6-8788-AD3B5324F144}.Release|x86.ActiveCfg = Release|x86
		{71C383F2-91A5-4EC6-8788-AD3B5324F144}.Release|x86.Build.0 = Release|x86
		{27196731-D463-4ECC-B0CE-570C3D5385B5}.Debug|Any CPU.ActiveCfg = Debug|Any CPU
		{27196731-D463-4ECC-B0CE-570C3D5385B5}.Debug|Any CPU.Build.0 = Debug|Any CPU
		{27196731-D463-4ECC-B0CE-570C3D5385B5}.Debug|ARM.ActiveCfg = Debug|Any CPU
		{27196731-D463-4ECC-B0CE-570C3D5385B5}.Debug|Mixed Platforms.ActiveCfg = Debug|Any CPU
		{27196731-D463-4ECC-B0CE-570C3D5385B5}.Debug|Mixed Platforms.Build.0 = Debug|Any CPU
		{27196731-D463-4ECC-B0CE-570C3D5385B5}.Debug|Win32.ActiveCfg = Debug|Any CPU
		{27196731-D463-4ECC-B0CE-570C3D5385B5}.Debug|x64.ActiveCfg = Debug|Any CPU
		{27196731-D463-4ECC-B0CE-570C3D5385B5}.Debug|x86.ActiveCfg = Debug|Any CPU
		{27196731-D463-4ECC-B0CE-570C3D5385B5}.Release|Any CPU.ActiveCfg = Release|Any CPU
		{27196731-D463-4ECC-B0CE-570C3D5385B5}.Release|Any CPU.Build.0 = Release|Any CPU
		{27196731-D463-4ECC-B0CE-570C3D5385B5}.Release|ARM.ActiveCfg = Release|Any CPU
		{27196731-D463-4ECC-B0CE-570C3D5385B5}.Release|Mixed Platforms.ActiveCfg = Release|Any CPU
		{27196731-D463-4ECC-B0CE-570C3D5385B5}.Release|Mixed Platforms.Build.0 = Release|Any CPU
		{27196731-D463-4ECC-B0CE-570C3D5385B5}.Release|Win32.ActiveCfg = Release|Any CPU
		{27196731-D463-4ECC-B0CE-570C3D5385B5}.Release|x64.ActiveCfg = Release|Any CPU
		{27196731-D463-4ECC-B0CE-570C3D5385B5}.Release|x86.ActiveCfg = Release|Any CPU
		{77105497-068B-4A01-B9D2-ABD33F2D2B79}.Debug|Any CPU.ActiveCfg = Debug|Any CPU
		{77105497-068B-4A01-B9D2-ABD33F2D2B79}.Debug|Any CPU.Build.0 = Debug|Any CPU
		{77105497-068B-4A01-B9D2-ABD33F2D2B79}.Debug|ARM.ActiveCfg = Debug|Any CPU
		{77105497-068B-4A01-B9D2-ABD33F2D2B79}.Debug|Mixed Platforms.ActiveCfg = Debug|Any CPU
		{77105497-068B-4A01-B9D2-ABD33F2D2B79}.Debug|Mixed Platforms.Build.0 = Debug|Any CPU
		{77105497-068B-4A01-B9D2-ABD33F2D2B79}.Debug|Win32.ActiveCfg = Debug|Any CPU
		{77105497-068B-4A01-B9D2-ABD33F2D2B79}.Debug|x64.ActiveCfg = Debug|Any CPU
		{77105497-068B-4A01-B9D2-ABD33F2D2B79}.Debug|x86.ActiveCfg = Debug|Any CPU
		{77105497-068B-4A01-B9D2-ABD33F2D2B79}.Release|Any CPU.ActiveCfg = Release|Any CPU
		{77105497-068B-4A01-B9D2-ABD33F2D2B79}.Release|Any CPU.Build.0 = Release|Any CPU
		{77105497-068B-4A01-B9D2-ABD33F2D2B79}.Release|ARM.ActiveCfg = Release|Any CPU
		{77105497-068B-4A01-B9D2-ABD33F2D2B79}.Release|Mixed Platforms.ActiveCfg = Release|Any CPU
		{77105497-068B-4A01-B9D2-ABD33F2D2B79}.Release|Mixed Platforms.Build.0 = Release|Any CPU
		{77105497-068B-4A01-B9D2-ABD33F2D2B79}.Release|Win32.ActiveCfg = Release|Any CPU
		{77105497-068B-4A01-B9D2-ABD33F2D2B79}.Release|x64.ActiveCfg = Release|Any CPU
		{77105497-068B-4A01-B9D2-ABD33F2D2B79}.Release|x86.ActiveCfg = Release|Any CPU
		{E5EBD13C-F325-4FFF-AA06-F6B05A4C0D22}.Debug|Any CPU.ActiveCfg = Debug|x86
		{E5EBD13C-F325-4FFF-AA06-F6B05A4C0D22}.Debug|Any CPU.Build.0 = Debug|x86
		{E5EBD13C-F325-4FFF-AA06-F6B05A4C0D22}.Debug|Any CPU.Deploy.0 = Debug|x86
		{E5EBD13C-F325-4FFF-AA06-F6B05A4C0D22}.Debug|ARM.ActiveCfg = Debug|ARM
		{E5EBD13C-F325-4FFF-AA06-F6B05A4C0D22}.Debug|ARM.Build.0 = Debug|ARM
		{E5EBD13C-F325-4FFF-AA06-F6B05A4C0D22}.Debug|ARM.Deploy.0 = Debug|ARM
		{E5EBD13C-F325-4FFF-AA06-F6B05A4C0D22}.Debug|Mixed Platforms.ActiveCfg = Debug|x86
		{E5EBD13C-F325-4FFF-AA06-F6B05A4C0D22}.Debug|Mixed Platforms.Build.0 = Debug|x86
		{E5EBD13C-F325-4FFF-AA06-F6B05A4C0D22}.Debug|Mixed Platforms.Deploy.0 = Debug|x86
		{E5EBD13C-F325-4FFF-AA06-F6B05A4C0D22}.Debug|Win32.ActiveCfg = Debug|x86
		{E5EBD13C-F325-4FFF-AA06-F6B05A4C0D22}.Debug|Win32.Build.0 = Debug|x86
		{E5EBD13C-F325-4FFF-AA06-F6B05A4C0D22}.Debug|Win32.Deploy.0 = Debug|x86
		{E5EBD13C-F325-4FFF-AA06-F6B05A4C0D22}.Debug|x64.ActiveCfg = Debug|x64
		{E5EBD13C-F325-4FFF-AA06-F6B05A4C0D22}.Debug|x64.Build.0 = Debug|x64
		{E5EBD13C-F325-4FFF-AA06-F6B05A4C0D22}.Debug|x64.Deploy.0 = Debug|x64
		{E5EBD13C-F325-4FFF-AA06-F6B05A4C0D22}.Debug|x86.ActiveCfg = Debug|x86
		{E5EBD13C-F325-4FFF-AA06-F6B05A4C0D22}.Debug|x86.Build.0 = Debug|x86
		{E5EBD13C-F325-4FFF-AA06-F6B05A4C0D22}.Debug|x86.Deploy.0 = Debug|x86
		{E5EBD13C-F325-4FFF-AA06-F6B05A4C0D22}.Release|Any CPU.ActiveCfg = Release|x86
		{E5EBD13C-F325-4FFF-AA06-F6B05A4C0D22}.Release|Any CPU.Build.0 = Release|x86
		{E5EBD13C-F325-4FFF-AA06-F6B05A4C0D22}.Release|Any CPU.Deploy.0 = Release|x86
		{E5EBD13C-F325-4FFF-AA06-F6B05A4C0D22}.Release|ARM.ActiveCfg = Release|ARM
		{E5EBD13C-F325-4FFF-AA06-F6B05A4C0D22}.Release|ARM.Build.0 = Release|ARM
		{E5EBD13C-F325-4FFF-AA06-F6B05A4C0D22}.Release|ARM.Deploy.0 = Release|ARM
		{E5EBD13C-F325-4FFF-AA06-F6B05A4C0D22}.Release|Mixed Platforms.ActiveCfg = Release|x86
		{E5EBD13C-F325-4FFF-AA06-F6B05A4C0D22}.Release|Mixed Platforms.Build.0 = Release|x86
		{E5EBD13C-F325-4FFF-AA06-F6B05A4C0D22}.Release|Mixed Platforms.Deploy.0 = Release|x86
		{E5EBD13C-F325-4FFF-AA06-F6B05A4C0D22}.Release|Win32.ActiveCfg = Release|x86
		{E5EBD13C-F325-4FFF-AA06-F6B05A4C0D22}.Release|Win32.Build.0 = Release|x86
		{E5EBD13C-F325-4FFF-AA06-F6B05A4C0D22}.Release|Win32.Deploy.0 = Release|x86
		{E5EBD13C-F325-4FFF-AA06-F6B05A4C0D22}.Release|x64.ActiveCfg = Release|x64
		{E5EBD13C-F325-4FFF-AA06-F6B05A4C0D22}.Release|x64.Build.0 = Release|x64
		{E5EBD13C-F325-4FFF-AA06-F6B05A4C0D22}.Release|x64.Deploy.0 = Release|x64
		{E5EBD13C-F325-4FFF-AA06-F6B05A4C0D22}.Release|x86.ActiveCfg = Release|x86
		{E5EBD13C-F325-4FFF-AA06-F6B05A4C0D22}.Release|x86.Build.0 = Release|x86
		{E5EBD13C-F325-4FFF-AA06-F6B05A4C0D22}.Release|x86.Deploy.0 = Release|x86
		{7136DC10-6B10-4CCA-86C6-BAA8A5011047}.Debug|Any CPU.ActiveCfg = Debug|x86
		{7136DC10-6B10-4CCA-86C6-BAA8A5011047}.Debug|Any CPU.Build.0 = Debug|x86
		{7136DC10-6B10-4CCA-86C6-BAA8A5011047}.Debug|ARM.ActiveCfg = Debug|ARM
		{7136DC10-6B10-4CCA-86C6-BAA8A5011047}.Debug|ARM.Build.0 = Debug|ARM
		{7136DC10-6B10-4CCA-86C6-BAA8A5011047}.Debug|Mixed Platforms.ActiveCfg = Debug|x86
		{7136DC10-6B10-4CCA-86C6-BAA8A5011047}.Debug|Mixed Platforms.Build.0 = Debug|x86
		{7136DC10-6B10-4CCA-86C6-BAA8A5011047}.Debug|Win32.ActiveCfg = Debug|x86
		{7136DC10-6B10-4CCA-86C6-BAA8A5011047}.Debug|Win32.Build.0 = Debug|x86
		{7136DC10-6B10-4CCA-86C6-BAA8A5011047}.Debug|x64.ActiveCfg = Debug|x64
		{7136DC10-6B10-4CCA-86C6-BAA8A5011047}.Debug|x64.Build.0 = Debug|x64
		{7136DC10-6B10-4CCA-86C6-BAA8A5011047}.Debug|x86.ActiveCfg = Debug|x86
		{7136DC10-6B10-4CCA-86C6-BAA8A5011047}.Debug|x86.Build.0 = Debug|x86
		{7136DC10-6B10-4CCA-86C6-BAA8A5011047}.Release|Any CPU.ActiveCfg = Release|x86
		{7136DC10-6B10-4CCA-86C6-BAA8A5011047}.Release|Any CPU.Build.0 = Release|x86
		{7136DC10-6B10-4CCA-86C6-BAA8A5011047}.Release|ARM.ActiveCfg = Release|ARM
		{7136DC10-6B10-4CCA-86C6-BAA8A5011047}.Release|ARM.Build.0 = Release|ARM
		{7136DC10-6B10-4CCA-86C6-BAA8A5011047}.Release|Mixed Platforms.ActiveCfg = Release|x86
		{7136DC10-6B10-4CCA-86C6-BAA8A5011047}.Release|Mixed Platforms.Build.0 = Release|x86
		{7136DC10-6B10-4CCA-86C6-BAA8A5011047}.Release|Win32.ActiveCfg = Release|x86
		{7136DC10-6B10-4CCA-86C6-BAA8A5011047}.Release|Win32.Build.0 = Release|x86
		{7136DC10-6B10-4CCA-86C6-BAA8A5011047}.Release|x64.ActiveCfg = Release|x64
		{7136DC10-6B10-4CCA-86C6-BAA8A5011047}.Release|x64.Build.0 = Release|x64
		{7136DC10-6B10-4CCA-86C6-BAA8A5011047}.Release|x86.ActiveCfg = Release|x86
		{7136DC10-6B10-4CCA-86C6-BAA8A5011047}.Release|x86.Build.0 = Release|x86
		{A3F709AF-9A59-4F2A-B220-0074B098CCB5}.Debug|Any CPU.ActiveCfg = Debug|Win32
		{A3F709AF-9A59-4F2A-B220-0074B098CCB5}.Debug|ARM.ActiveCfg = Debug|ARM
		{A3F709AF-9A59-4F2A-B220-0074B098CCB5}.Debug|ARM.Build.0 = Debug|ARM
		{A3F709AF-9A59-4F2A-B220-0074B098CCB5}.Debug|Mixed Platforms.ActiveCfg = Debug|Win32
		{A3F709AF-9A59-4F2A-B220-0074B098CCB5}.Debug|Mixed Platforms.Build.0 = Debug|Win32
		{A3F709AF-9A59-4F2A-B220-0074B098CCB5}.Debug|Win32.ActiveCfg = Debug|Win32
		{A3F709AF-9A59-4F2A-B220-0074B098CCB5}.Debug|Win32.Build.0 = Debug|Win32
		{A3F709AF-9A59-4F2A-B220-0074B098CCB5}.Debug|x64.ActiveCfg = Debug|x64
		{A3F709AF-9A59-4F2A-B220-0074B098CCB5}.Debug|x64.Build.0 = Debug|x64
		{A3F709AF-9A59-4F2A-B220-0074B098CCB5}.Debug|x86.ActiveCfg = Debug|Win32
		{A3F709AF-9A59-4F2A-B220-0074B098CCB5}.Debug|x86.Build.0 = Debug|Win32
		{A3F709AF-9A59-4F2A-B220-0074B098CCB5}.Release|Any CPU.ActiveCfg = Release|Win32
		{A3F709AF-9A59-4F2A-B220-0074B098CCB5}.Release|ARM.ActiveCfg = Release|ARM
		{A3F709AF-9A59-4F2A-B220-0074B098CCB5}.Release|ARM.Build.0 = Release|ARM
		{A3F709AF-9A59-4F2A-B220-0074B098CCB5}.Release|Mixed Platforms.ActiveCfg = Release|Win32
		{A3F709AF-9A59-4F2A-B220-0074B098CCB5}.Release|Mixed Platforms.Build.0 = Release|Win32
		{A3F709AF-9A59-4F2A-B220-0074B098CCB5}.Release|Win32.ActiveCfg = Release|Win32
		{A3F709AF-9A59-4F2A-B220-0074B098CCB5}.Release|Win32.Build.0 = Release|Win32
		{A3F709AF-9A59-4F2A-B220-0074B098CCB5}.Release|x64.ActiveCfg = Release|x64
		{A3F709AF-9A59-4F2A-B220-0074B098CCB5}.Release|x64.Build.0 = Release|x64
		{A3F709AF-9A59-4F2A-B220-0074B098CCB5}.Release|x86.ActiveCfg = Release|Win32
		{A3F709AF-9A59-4F2A-B220-0074B098CCB5}.Release|x86.Build.0 = Release|Win32
		{55FE79F7-4AFD-458C-8E9D-9F5BBC19E27F}.Debug|Any CPU.ActiveCfg = Debug|Win32
		{55FE79F7-4AFD-458C-8E9D-9F5BBC19E27F}.Debug|ARM.ActiveCfg = Debug|ARM
		{55FE79F7-4AFD-458C-8E9D-9F5BBC19E27F}.Debug|ARM.Build.0 = Debug|ARM
		{55FE79F7-4AFD-458C-8E9D-9F5BBC19E27F}.Debug|Mixed Platforms.ActiveCfg = Debug|Win32
		{55FE79F7-4AFD-458C-8E9D-9F5BBC19E27F}.Debug|Mixed Platforms.Build.0 = Debug|Win32
		{55FE79F7-4AFD-458C-8E9D-9F5BBC19E27F}.Debug|Win32.ActiveCfg = Debug|Win32
		{55FE79F7-4AFD-458C-8E9D-9F5BBC19E27F}.Debug|Win32.Build.0 = Debug|Win32
		{55FE79F7-4AFD-458C-8E9D-9F5BBC19E27F}.Debug|x64.ActiveCfg = Debug|x64
		{55FE79F7-4AFD-458C-8E9D-9F5BBC19E27F}.Debug|x64.Build.0 = Debug|x64
		{55FE79F7-4AFD-458C-8E9D-9F5BBC19E27F}.Debug|x86.ActiveCfg = Debug|Win32
		{55FE79F7-4AFD-458C-8E9D-9F5BBC19E27F}.Debug|x86.Build.0 = Debug|Win32
		{55FE79F7-4AFD-458C-8E9D-9F5BBC19E27F}.Release|Any CPU.ActiveCfg = Release|Win32
		{55FE79F7-4AFD-458C-8E9D-9F5BBC19E27F}.Release|ARM.ActiveCfg = Release|ARM
		{55FE79F7-4AFD-458C-8E9D-9F5BBC19E27F}.Release|ARM.Build.0 = Release|ARM
		{55FE79F7-4AFD-458C-8E9D-9F5BBC19E27F}.Release|Mixed Platforms.ActiveCfg = Release|Win32
		{55FE79F7-4AFD-458C-8E9D-9F5BBC19E27F}.Release|Mixed Platforms.Build.0 = Release|Win32
		{55FE79F7-4AFD-458C-8E9D-9F5BBC19E27F}.Release|Win32.ActiveCfg = Release|Win32
		{55FE79F7-4AFD-458C-8E9D-9F5BBC19E27F}.Release|Win32.Build.0 = Release|Win32
		{55FE79F7-4AFD-458C-8E9D-9F5BBC19E27F}.Release|x64.ActiveCfg = Release|x64
		{55FE79F7-4AFD-458C-8E9D-9F5BBC19E27F}.Release|x64.Build.0 = Release|x64
		{55FE79F7-4AFD-458C-8E9D-9F5BBC19E27F}.Release|x86.ActiveCfg = Release|Win32
		{55FE79F7-4AFD-458C-8E9D-9F5BBC19E27F}.Release|x86.Build.0 = Release|Win32
		{4AE0193F-5986-404E-87B6-1EC9301D16D8}.Debug|Any CPU.ActiveCfg = Debug|Win32
		{4AE0193F-5986-404E-87B6-1EC9301D16D8}.Debug|ARM.ActiveCfg = Debug|ARM
		{4AE0193F-5986-404E-87B6-1EC9301D16D8}.Debug|ARM.Build.0 = Debug|ARM
		{4AE0193F-5986-404E-87B6-1EC9301D16D8}.Debug|Mixed Platforms.ActiveCfg = Debug|Win32
		{4AE0193F-5986-404E-87B6-1EC9301D16D8}.Debug|Mixed Platforms.Build.0 = Debug|Win32
		{4AE0193F-5986-404E-87B6-1EC9301D16D8}.Debug|Win32.ActiveCfg = Debug|Win32
		{4AE0193F-5986-404E-87B6-1EC9301D16D8}.Debug|Win32.Build.0 = Debug|Win32
		{4AE0193F-5986-404E-87B6-1EC9301D16D8}.Debug|x64.ActiveCfg = Debug|Win32
		{4AE0193F-5986-404E-87B6-1EC9301D16D8}.Debug|x86.ActiveCfg = Debug|Win32
		{4AE0193F-5986-404E-87B6-1EC9301D16D8}.Debug|x86.Build.0 = Debug|Win32
		{4AE0193F-5986-404E-87B6-1EC9301D16D8}.Release|Any CPU.ActiveCfg = Release|Win32
		{4AE0193F-5986-404E-87B6-1EC9301D16D8}.Release|ARM.ActiveCfg = Release|ARM
		{4AE0193F-5986-404E-87B6-1EC9301D16D8}.Release|ARM.Build.0 = Release|ARM
		{4AE0193F-5986-404E-87B6-1EC9301D16D8}.Release|Mixed Platforms.ActiveCfg = Release|Win32
		{4AE0193F-5986-404E-87B6-1EC9301D16D8}.Release|Mixed Platforms.Build.0 = Release|Win32
		{4AE0193F-5986-404E-87B6-1EC9301D16D8}.Release|Win32.ActiveCfg = Release|Win32
		{4AE0193F-5986-404E-87B6-1EC9301D16D8}.Release|Win32.Build.0 = Release|Win32
		{4AE0193F-5986-404E-87B6-1EC9301D16D8}.Release|x64.ActiveCfg = Release|Win32
		{4AE0193F-5986-404E-87B6-1EC9301D16D8}.Release|x86.ActiveCfg = Release|Win32
		{4AE0193F-5986-404E-87B6-1EC9301D16D8}.Release|x86.Build.0 = Release|Win32
		{A849540E-666C-483D-9598-AF5DA85FFE45}.Debug|Any CPU.ActiveCfg = Debug|Any CPU
		{A849540E-666C-483D-9598-AF5DA85FFE45}.Debug|Any CPU.Build.0 = Debug|Any CPU
		{A849540E-666C-483D-9598-AF5DA85FFE45}.Debug|ARM.ActiveCfg = Debug|Any CPU
		{A849540E-666C-483D-9598-AF5DA85FFE45}.Debug|Mixed Platforms.ActiveCfg = Debug|Any CPU
		{A849540E-666C-483D-9598-AF5DA85FFE45}.Debug|Mixed Platforms.Build.0 = Debug|Any CPU
		{A849540E-666C-483D-9598-AF5DA85FFE45}.Debug|Win32.ActiveCfg = Debug|Any CPU
		{A849540E-666C-483D-9598-AF5DA85FFE45}.Debug|x64.ActiveCfg = Debug|Any CPU
		{A849540E-666C-483D-9598-AF5DA85FFE45}.Debug|x86.ActiveCfg = Debug|Any CPU
		{A849540E-666C-483D-9598-AF5DA85FFE45}.Release|Any CPU.ActiveCfg = Release|Any CPU
		{A849540E-666C-483D-9598-AF5DA85FFE45}.Release|Any CPU.Build.0 = Release|Any CPU
		{A849540E-666C-483D-9598-AF5DA85FFE45}.Release|ARM.ActiveCfg = Release|Any CPU
		{A849540E-666C-483D-9598-AF5DA85FFE45}.Release|Mixed Platforms.ActiveCfg = Release|Any CPU
		{A849540E-666C-483D-9598-AF5DA85FFE45}.Release|Mixed Platforms.Build.0 = Release|Any CPU
		{A849540E-666C-483D-9598-AF5DA85FFE45}.Release|Win32.ActiveCfg = Release|Any CPU
		{A849540E-666C-483D-9598-AF5DA85FFE45}.Release|x64.ActiveCfg = Release|Any CPU
		{A849540E-666C-483D-9598-AF5DA85FFE45}.Release|x86.ActiveCfg = Release|Any CPU
		{7E834E2D-C027-4D78-80C7-DB59F0493CD2}.Debug|Any CPU.ActiveCfg = Debug|Any CPU
		{7E834E2D-C027-4D78-80C7-DB59F0493CD2}.Debug|Any CPU.Build.0 = Debug|Any CPU
		{7E834E2D-C027-4D78-80C7-DB59F0493CD2}.Debug|ARM.ActiveCfg = Debug|Any CPU
		{7E834E2D-C027-4D78-80C7-DB59F0493CD2}.Debug|Mixed Platforms.ActiveCfg = Debug|Any CPU
		{7E834E2D-C027-4D78-80C7-DB59F0493CD2}.Debug|Mixed Platforms.Build.0 = Debug|Any CPU
		{7E834E2D-C027-4D78-80C7-DB59F0493CD2}.Debug|Win32.ActiveCfg = Debug|Any CPU
		{7E834E2D-C027-4D78-80C7-DB59F0493CD2}.Debug|x64.ActiveCfg = Debug|Any CPU
		{7E834E2D-C027-4D78-80C7-DB59F0493CD2}.Debug|x86.ActiveCfg = Debug|Any CPU
		{7E834E2D-C027-4D78-80C7-DB59F0493CD2}.Release|Any CPU.ActiveCfg = Release|Any CPU
		{7E834E2D-C027-4D78-80C7-DB59F0493CD2}.Release|Any CPU.Build.0 = Release|Any CPU
		{7E834E2D-C027-4D78-80C7-DB59F0493CD2}.Release|ARM.ActiveCfg = Release|Any CPU
		{7E834E2D-C027-4D78-80C7-DB59F0493CD2}.Release|Mixed Platforms.ActiveCfg = Release|Any CPU
		{7E834E2D-C027-4D78-80C7-DB59F0493CD2}.Release|Mixed Platforms.Build.0 = Release|Any CPU
		{7E834E2D-C027-4D78-80C7-DB59F0493CD2}.Release|Win32.ActiveCfg = Release|Any CPU
		{7E834E2D-C027-4D78-80C7-DB59F0493CD2}.Release|x64.ActiveCfg = Release|Any CPU
		{7E834E2D-C027-4D78-80C7-DB59F0493CD2}.Release|x86.ActiveCfg = Release|Any CPU
	EndGlobalSection
	GlobalSection(SolutionProperties) = preSolution
		HideSolutionNode = FALSE
	EndGlobalSection
	GlobalSection(NestedProjects) = preSolution
		{682112A5-CCEA-44A6-8D47-E4BB0B41EAFD} = {3DEF3C67-9A8C-407A-AF58-C0449E13F677}
		{3002E0CA-D005-4D93-BCA4-E23E83DDD847} = {3DEF3C67-9A8C-407A-AF58-C0449E13F677}
		{64694970-D797-4334-A2E5-EAAFAFD6274C} = {3DEF3C67-9A8C-407A-AF58-C0449E13F677}
		{E5EBD13C-F325-4FFF-AA06-F6B05A4C0D22} = {3DEF3C67-9A8C-407A-AF58-C0449E13F677}
		{71B505A0-05E9-459C-8A82-51A12999A28F} = {EE1DFC29-06B6-4F91-B614-A9C52C0A9DFF}
		{71C383F2-91A5-4EC6-8788-AD3B5324F144} = {EE1DFC29-06B6-4F91-B614-A9C52C0A9DFF}
		{77105497-068B-4A01-B9D2-ABD33F2D2B79} = {EE1DFC29-06B6-4F91-B614-A9C52C0A9DFF}
		{7136DC10-6B10-4CCA-86C6-BAA8A5011047} = {EE1DFC29-06B6-4F91-B614-A9C52C0A9DFF}
		{A3F709AF-9A59-4F2A-B220-0074B098CCB5} = {EE1DFC29-06B6-4F91-B614-A9C52C0A9DFF}
		{55FE79F7-4AFD-458C-8E9D-9F5BBC19E27F} = {EE1DFC29-06B6-4F91-B614-A9C52C0A9DFF}
		{4AE0193F-5986-404E-87B6-1EC9301D16D8} = {EE1DFC29-06B6-4F91-B614-A9C52C0A9DFF}
		{7E834E2D-C027-4D78-80C7-DB59F0493CD2} = {EE1DFC29-06B6-4F91-B614-A9C52C0A9DFF}
		{27196731-D463-4ECC-B0CE-570C3D5385B5} = {845585A9-B19C-4BB7-B0D5-5462DBFD07B8}
		{A849540E-666C-483D-9598-AF5DA85FFE45} = {845585A9-B19C-4BB7-B0D5-5462DBFD07B8}
		{17984F1B-4BB0-4B34-9062-AD8E961BBB50} = {47DA737C-6760-4028-A8DB-63FE1B9F2B2C}
		{B594EEB2-A4BF-4C9C-81F3-0A09E6B8DD71} = {47DA737C-6760-4028-A8DB-63FE1B9F2B2C}
	EndGlobalSection
EndGlobal
