
Microsoft Visual Studio Solution File, Format Version 12.00
# Visual Studio 2012
Project("{8BC9CEB8-8B4A-11D0-8D11-00A0C91BC942}") = "SQLiteWinRTPhone", "SQLiteWinRTPhone\SQLiteWinRTPhone.vcxproj", "{4AE0193F-5986-404E-87B6-1EC9301D16D8}"
EndProject
Project("{8BC9CEB8-8B4A-11D0-8D11-00A0C91BC942}") = "SQLiteWinRT", "SQLiteWinRT\SQLiteWinRT.vcxproj", "{A3F709AF-9A59-4F2A-B220-0074B098CCB5}"
EndProject
Global
	GlobalSection(SolutionConfigurationPlatforms) = preSolution
		Debug|Any CPU = Debug|Any CPU
		Debug|ARM = Debug|ARM
		Debug|Mixed Platforms = Debug|Mixed Platforms
		Debug|Win32 = Debug|Win32
		Debug|x64 = Debug|x64
		Debug|x86 = Debug|x86
		Release|Any CPU = Release|Any CPU
		Release|ARM = Release|ARM
		Release|Mixed Platforms = Release|Mixed Platforms
		Release|Win32 = Release|Win32
		Release|x64 = Release|x64
		Release|x86 = Release|x86
	EndGlobalSection
	GlobalSection(ProjectConfigurationPlatforms) = postSolution
		{4AE0193F-5986-404E-87B6-1EC9301D16D8}.Debug|Any CPU.ActiveCfg = Debug|Win32
		{4AE0193F-5986-404E-87B6-1EC9301D16D8}.Debug|ARM.ActiveCfg = Debug|ARM
		{4AE0193F-5986-404E-87B6-1EC9301D16D8}.Debug|ARM.Build.0 = Debug|ARM
		{4AE0193F-5986-404E-87B6-1EC9301D16D8}.Debug|Mixed Platforms.ActiveCfg = Debug|Win32
		{4AE0193F-5986-404E-87B6-1EC9301D16D8}.Debug|Mixed Platforms.Build.0 = Debug|Win32
		{4AE0193F-5986-404E-87B6-1EC9301D16D8}.Debug|Win32.ActiveCfg = Debug|Win32
		{4AE0193F-5986-404E-87B6-1EC9301D16D8}.Debug|Win32.Build.0 = Debug|Win32
		{4AE0193F-5986-404E-87B6-1EC9301D16D8}.Debug|x64.ActiveCfg = Debug|Win32
		{4AE0193F-5986-404E-87B6-1EC9301D16D8}.Debug|x86.ActiveCfg = Debug|Win32
		{4AE0193F-5986-404E-87B6-1EC9301D16D8}.Debug|x86.Build.0 = Debug|Win32
		{4AE0193F-5986-404E-87B6-1EC9301D16D8}.Release|Any CPU.ActiveCfg = Release|Win32
		{4AE0193F-5986-404E-87B6-1EC9301D16D8}.Release|ARM.ActiveCfg = Release|ARM
		{4AE0193F-5986-404E-87B6-1EC9301D16D8}.Release|ARM.Build.0 = Release|ARM
		{4AE0193F-5986-404E-87B6-1EC9301D16D8}.Release|Mixed Platforms.ActiveCfg = Release|Win32
		{4AE0193F-5986-404E-87B6-1EC9301D16D8}.Release|Mixed Platforms.Build.0 = Release|Win32
		{4AE0193F-5986-404E-87B6-1EC9301D16D8}.Release|Win32.ActiveCfg = Release|Win32
		{4AE0193F-5986-404E-87B6-1EC9301D16D8}.Release|Win32.Build.0 = Release|Win32
		{4AE0193F-5986-404E-87B6-1EC9301D16D8}.Release|x64.ActiveCfg = Release|Win32
		{4AE0193F-5986-404E-87B6-1EC9301D16D8}.Release|x86.ActiveCfg = Release|Win32
		{4AE0193F-5986-404E-87B6-1EC9301D16D8}.Release|x86.Build.0 = Release|Win32
		{A3F709AF-9A59-4F2A-B220-0074B098CCB5}.Debug|Any CPU.ActiveCfg = Debug|Win32
		{A3F709AF-9A59-4F2A-B220-0074B098CCB5}.Debug|ARM.ActiveCfg = Debug|ARM
		{A3F709AF-9A59-4F2A-B220-0074B098CCB5}.Debug|ARM.Build.0 = Debug|ARM
		{A3F709AF-9A59-4F2A-B220-0074B098CCB5}.Debug|Mixed Platforms.ActiveCfg = Debug|Win32
		{A3F709AF-9A59-4F2A-B220-0074B098CCB5}.Debug|Mixed Platforms.Build.0 = Debug|Win32
		{A3F709AF-9A59-4F2A-B220-0074B098CCB5}.Debug|Win32.ActiveCfg = Debug|Win32
		{A3F709AF-9A59-4F2A-B220-0074B098CCB5}.Debug|Win32.Build.0 = Debug|Win32
		{A3F709AF-9A59-4F2A-B220-0074B098CCB5}.Debug|x64.ActiveCfg = Debug|x64
		{A3F709AF-9A59-4F2A-B220-0074B098CCB5}.Debug|x64.Build.0 = Debug|x64
		{A3F709AF-9A59-4F2A-B220-0074B098CCB5}.Debug|x86.ActiveCfg = Debug|Win32
		{A3F709AF-9A59-4F2A-B220-0074B098CCB5}.Debug|x86.Build.0 = Debug|Win32
		{A3F709AF-9A59-4F2A-B220-0074B098CCB5}.Release|Any CPU.ActiveCfg = Release|Win32
		{A3F709AF-9A59-4F2A-B220-0074B098CCB5}.Release|ARM.ActiveCfg = Release|ARM
		{A3F709AF-9A59-4F2A-B220-0074B098CCB5}.Release|ARM.Build.0 = Release|ARM
		{A3F709AF-9A59-4F2A-B220-0074B098CCB5}.Release|Mixed Platforms.ActiveCfg = Release|Win32
		{A3F709AF-9A59-4F2A-B220-0074B098CCB5}.Release|Mixed Platforms.Build.0 = Release|Win32
		{A3F709AF-9A59-4F2A-B220-0074B098CCB5}.Release|Win32.ActiveCfg = Release|Win32
		{A3F709AF-9A59-4F2A-B220-0074B098CCB5}.Release|Win32.Build.0 = Release|Win32
		{A3F709AF-9A59-4F2A-B220-0074B098CCB5}.Release|x64.ActiveCfg = Release|x64
		{A3F709AF-9A59-4F2A-B220-0074B098CCB5}.Release|x64.Build.0 = Release|x64
		{A3F709AF-9A59-4F2A-B220-0074B098CCB5}.Release|x86.ActiveCfg = Release|Win32
		{A3F709AF-9A59-4F2A-B220-0074B098CCB5}.Release|x86.Build.0 = Release|Win32
	EndGlobalSection
	GlobalSection(SolutionProperties) = preSolution
		HideSolutionNode = FALSE
	EndGlobalSection
EndGlobal
